// !$*UTF8*$!
{
	archiveVersion = 1;
	classes = {
	};
	objectVersion = 46;
	objects = {

/* Begin PBXBuildFile section */
		0503C23D1B9208BD00B297FA /* MapViewController.m in Sources */ = {isa = PBXBuildFile; fileRef = 0503C23C1B9208BD00B297FA /* MapViewController.m */; };
		0503C24D1B92265300B297FA /* ResourcesViewController.m in Sources */ = {isa = PBXBuildFile; fileRef = 0503C24C1B92265300B297FA /* ResourcesViewController.m */; };
		0503C2531B922B7800B297FA /* IrrigationTableViewController.m in Sources */ = {isa = PBXBuildFile; fileRef = 0503C2521B922B7800B297FA /* IrrigationTableViewController.m */; };
		0503C2551B922F3700B297FA /* MediaPlayer.framework in Frameworks */ = {isa = PBXBuildFile; fileRef = 0503C2541B922F3700B297FA /* MediaPlayer.framework */; };
		056DA5DF1B91C83E005B112C /* main.m in Sources */ = {isa = PBXBuildFile; fileRef = 056DA5DE1B91C83E005B112C /* main.m */; };
		056DA5E21B91C83E005B112C /* AppDelegate.m in Sources */ = {isa = PBXBuildFile; fileRef = 056DA5E11B91C83E005B112C /* AppDelegate.m */; };
		056DA5E51B91C83E005B112C /* ViewController.m in Sources */ = {isa = PBXBuildFile; fileRef = 056DA5E41B91C83E005B112C /* ViewController.m */; };
		056DA5E81B91C83E005B112C /* Main.storyboard in Resources */ = {isa = PBXBuildFile; fileRef = 056DA5E61B91C83E005B112C /* Main.storyboard */; };
		056DA5EA1B91C83E005B112C /* Assets.xcassets in Resources */ = {isa = PBXBuildFile; fileRef = 056DA5E91B91C83E005B112C /* Assets.xcassets */; };
		056DA5ED1B91C83E005B112C /* LaunchScreen.storyboard in Resources */ = {isa = PBXBuildFile; fileRef = 056DA5EB1B91C83E005B112C /* LaunchScreen.storyboard */; };
		056DA5F81B91C83E005B112C /* SequoiaHackTests.m in Sources */ = {isa = PBXBuildFile; fileRef = 056DA5F71B91C83E005B112C /* SequoiaHackTests.m */; };
		056DA6031B91C83E005B112C /* SequoiaHackUITests.m in Sources */ = {isa = PBXBuildFile; fileRef = 056DA6021B91C83E005B112C /* SequoiaHackUITests.m */; };
		056DA6141B91CE46005B112C /* Localizable.strings in Resources */ = {isa = PBXBuildFile; fileRef = 056DA6161B91CE46005B112C /* Localizable.strings */; };
		056DA61D1B91D481005B112C /* Utils.m in Sources */ = {isa = PBXBuildFile; fileRef = 056DA61C1B91D481005B112C /* Utils.m */; };
		056DA61F1B91D58A005B112C /* CoreLocation.framework in Frameworks */ = {isa = PBXBuildFile; fileRef = 056DA61E1B91D58A005B112C /* CoreLocation.framework */; };
		056DA6221B91D97E005B112C /* info28.png in Resources */ = {isa = PBXBuildFile; fileRef = 056DA6211B91D97E005B112C /* info28.png */; };
		056DA6241B91DACA005B112C /* network3.png in Resources */ = {isa = PBXBuildFile; fileRef = 056DA6231B91DACA005B112C /* network3.png */; };
		056DA6261B91DBCB005B112C /* house21.png in Resources */ = {isa = PBXBuildFile; fileRef = 056DA6251B91DBCB005B112C /* house21.png */; };
		056DA62D1B91EA99005B112C /* AudioToolbox.framework in Frameworks */ = {isa = PBXBuildFile; fileRef = 056DA62C1B91EA99005B112C /* AudioToolbox.framework */; };
		056DA62F1B91EAA3005B112C /* CFNetwork.framework in Frameworks */ = {isa = PBXBuildFile; fileRef = 056DA62E1B91EAA3005B112C /* CFNetwork.framework */; };
		056DA6311B91EAAD005B112C /* CoreGraphics.framework in Frameworks */ = {isa = PBXBuildFile; fileRef = 056DA6301B91EAAD005B112C /* CoreGraphics.framework */; };
		056DA6331B91EAB6005B112C /* Security.framework in Frameworks */ = {isa = PBXBuildFile; fileRef = 056DA6321B91EAB6005B112C /* Security.framework */; };
		056DA6351B91EABF005B112C /* StoreKit.framework in Frameworks */ = {isa = PBXBuildFile; fileRef = 056DA6341B91EABF005B112C /* StoreKit.framework */; };
		056DA6371B91EAC9005B112C /* SystemConfiguration.framework in Frameworks */ = {isa = PBXBuildFile; fileRef = 056DA6361B91EAC9005B112C /* SystemConfiguration.framework */; };
		056DA6391B91EAE8005B112C /* libz.1.1.3.tbd in Frameworks */ = {isa = PBXBuildFile; fileRef = 056DA6381B91EAE8005B112C /* libz.1.1.3.tbd */; };
		056DA63B1B91EAF2005B112C /* libsqlite3.0.tbd in Frameworks */ = {isa = PBXBuildFile; fileRef = 056DA63A1B91EAF2005B112C /* libsqlite3.0.tbd */; };
		056DA63D1B91EAFF005B112C /* Accounts.framework in Frameworks */ = {isa = PBXBuildFile; fileRef = 056DA63C1B91EAFF005B112C /* Accounts.framework */; };
		056DA63F1B91EB06005B112C /* Social.framework in Frameworks */ = {isa = PBXBuildFile; fileRef = 056DA63E1B91EB06005B112C /* Social.framework */; };
		056DA6411B91EB5A005B112C /* QuartzCore.framework in Frameworks */ = {isa = PBXBuildFile; fileRef = 056DA6401B91EB5A005B112C /* QuartzCore.framework */; };
		056DA6441B91EB8C005B112C /* Bolts.framework in Frameworks */ = {isa = PBXBuildFile; fileRef = 056DA6421B91EB8C005B112C /* Bolts.framework */; };
		056DA6451B91EB8D005B112C /* Parse.framework in Frameworks */ = {isa = PBXBuildFile; fileRef = 056DA6431B91EB8C005B112C /* Parse.framework */; };
		056DA6481B91F579005B112C /* farmer.jpg in Resources */ = {isa = PBXBuildFile; fileRef = 056DA6471B91F579005B112C /* farmer.jpg */; };
		05F8C82F1B929703001F8887 /* PoliciesViewController.m in Sources */ = {isa = PBXBuildFile; fileRef = 05F8C82E1B929703001F8887 /* PoliciesViewController.m */; };
		05F8C8321B929B2B001F8887 /* SchemeViewController.m in Sources */ = {isa = PBXBuildFile; fileRef = 05F8C8311B929B2B001F8887 /* SchemeViewController.m */; };
		8DDD80C81014CBF0D3C8185A /* libPods.a in Frameworks */ = {isa = PBXBuildFile; fileRef = A70841AB5CA95827EB7C526D /* libPods.a */; };
/* End PBXBuildFile section */

/* Begin PBXContainerItemProxy section */
		056DA5F41B91C83E005B112C /* PBXContainerItemProxy */ = {
			isa = PBXContainerItemProxy;
			containerPortal = 056DA5D21B91C83E005B112C /* Project object */;
			proxyType = 1;
			remoteGlobalIDString = 056DA5D91B91C83E005B112C;
			remoteInfo = SequoiaHack;
		};
		056DA5FF1B91C83E005B112C /* PBXContainerItemProxy */ = {
			isa = PBXContainerItemProxy;
			containerPortal = 056DA5D21B91C83E005B112C /* Project object */;
			proxyType = 1;
			remoteGlobalIDString = 056DA5D91B91C83E005B112C;
			remoteInfo = SequoiaHack;
		};
/* End PBXContainerItemProxy section */

/* Begin PBXFileReference section */
		0503C23B1B9208BD00B297FA /* MapViewController.h */ = {isa = PBXFileReference; fileEncoding = 4; lastKnownFileType = sourcecode.c.h; path = MapViewController.h; sourceTree = "<group>"; };
		0503C23C1B9208BD00B297FA /* MapViewController.m */ = {isa = PBXFileReference; fileEncoding = 4; lastKnownFileType = sourcecode.c.objc; path = MapViewController.m; sourceTree = "<group>"; };
		0503C24B1B92265300B297FA /* ResourcesViewController.h */ = {isa = PBXFileReference; fileEncoding = 4; lastKnownFileType = sourcecode.c.h; path = ResourcesViewController.h; sourceTree = "<group>"; };
		0503C24C1B92265300B297FA /* ResourcesViewController.m */ = {isa = PBXFileReference; fileEncoding = 4; lastKnownFileType = sourcecode.c.objc; path = ResourcesViewController.m; sourceTree = "<group>"; };
		0503C2511B922B7800B297FA /* IrrigationTableViewController.h */ = {isa = PBXFileReference; fileEncoding = 4; lastKnownFileType = sourcecode.c.h; path = IrrigationTableViewController.h; sourceTree = "<group>"; };
		0503C2521B922B7800B297FA /* IrrigationTableViewController.m */ = {isa = PBXFileReference; fileEncoding = 4; lastKnownFileType = sourcecode.c.objc; path = IrrigationTableViewController.m; sourceTree = "<group>"; };
		0503C2541B922F3700B297FA /* MediaPlayer.framework */ = {isa = PBXFileReference; lastKnownFileType = wrapper.framework; name = MediaPlayer.framework; path = System/Library/Frameworks/MediaPlayer.framework; sourceTree = SDKROOT; };
		056DA5DA1B91C83E005B112C /* SequoiaHack.app */ = {isa = PBXFileReference; explicitFileType = wrapper.application; includeInIndex = 0; path = SequoiaHack.app; sourceTree = BUILT_PRODUCTS_DIR; };
		056DA5DE1B91C83E005B112C /* main.m */ = {isa = PBXFileReference; lastKnownFileType = sourcecode.c.objc; path = main.m; sourceTree = "<group>"; };
		056DA5E01B91C83E005B112C /* AppDelegate.h */ = {isa = PBXFileReference; lastKnownFileType = sourcecode.c.h; path = AppDelegate.h; sourceTree = "<group>"; };
		056DA5E11B91C83E005B112C /* AppDelegate.m */ = {isa = PBXFileReference; lastKnownFileType = sourcecode.c.objc; path = AppDelegate.m; sourceTree = "<group>"; };
		056DA5E31B91C83E005B112C /* ViewController.h */ = {isa = PBXFileReference; lastKnownFileType = sourcecode.c.h; path = ViewController.h; sourceTree = "<group>"; };
		056DA5E41B91C83E005B112C /* ViewController.m */ = {isa = PBXFileReference; lastKnownFileType = sourcecode.c.objc; path = ViewController.m; sourceTree = "<group>"; };
		056DA5E71B91C83E005B112C /* Base */ = {isa = PBXFileReference; lastKnownFileType = file.storyboard; name = Base; path = Base.lproj/Main.storyboard; sourceTree = "<group>"; };
		056DA5E91B91C83E005B112C /* Assets.xcassets */ = {isa = PBXFileReference; lastKnownFileType = folder.assetcatalog; path = Assets.xcassets; sourceTree = "<group>"; };
		056DA5EC1B91C83E005B112C /* Base */ = {isa = PBXFileReference; lastKnownFileType = file.storyboard; name = Base; path = Base.lproj/LaunchScreen.storyboard; sourceTree = "<group>"; };
		056DA5EE1B91C83E005B112C /* Info.plist */ = {isa = PBXFileReference; lastKnownFileType = text.plist.xml; path = Info.plist; sourceTree = "<group>"; };
		056DA5F31B91C83E005B112C /* SequoiaHackTests.xctest */ = {isa = PBXFileReference; explicitFileType = wrapper.cfbundle; includeInIndex = 0; path = SequoiaHackTests.xctest; sourceTree = BUILT_PRODUCTS_DIR; };
		056DA5F71B91C83E005B112C /* SequoiaHackTests.m */ = {isa = PBXFileReference; lastKnownFileType = sourcecode.c.objc; path = SequoiaHackTests.m; sourceTree = "<group>"; };
		056DA5F91B91C83E005B112C /* Info.plist */ = {isa = PBXFileReference; lastKnownFileType = text.plist.xml; path = Info.plist; sourceTree = "<group>"; };
		056DA5FE1B91C83E005B112C /* SequoiaHackUITests.xctest */ = {isa = PBXFileReference; explicitFileType = wrapper.cfbundle; includeInIndex = 0; path = SequoiaHackUITests.xctest; sourceTree = BUILT_PRODUCTS_DIR; };
		056DA6021B91C83E005B112C /* SequoiaHackUITests.m */ = {isa = PBXFileReference; lastKnownFileType = sourcecode.c.objc; path = SequoiaHackUITests.m; sourceTree = "<group>"; };
		056DA6041B91C83E005B112C /* Info.plist */ = {isa = PBXFileReference; lastKnownFileType = text.plist.xml; path = Info.plist; sourceTree = "<group>"; };
		056DA6131B91CDC2005B112C /* hi-IN */ = {isa = PBXFileReference; lastKnownFileType = text.plist.strings; name = "hi-IN"; path = "hi-IN.lproj/LaunchScreen.strings"; sourceTree = "<group>"; };
		056DA6151B91CE46005B112C /* en */ = {isa = PBXFileReference; lastKnownFileType = text.plist.strings; name = en; path = en.lproj/Localizable.strings; sourceTree = "<group>"; };
		056DA6171B91CF2B005B112C /* hi-IN */ = {isa = PBXFileReference; lastKnownFileType = text.plist.strings; name = "hi-IN"; path = "hi-IN.lproj/Localizable.strings"; sourceTree = "<group>"; };
		056DA6181B91CF2C005B112C /* Base */ = {isa = PBXFileReference; lastKnownFileType = text.plist.strings; name = Base; path = Base.lproj/Localizable.strings; sourceTree = "<group>"; };
		056DA61A1B91D37E005B112C /* en */ = {isa = PBXFileReference; lastKnownFileType = text.plist.strings; name = en; path = en.lproj/LaunchScreen.strings; sourceTree = "<group>"; };
		056DA61B1B91D481005B112C /* Utils.h */ = {isa = PBXFileReference; fileEncoding = 4; lastKnownFileType = sourcecode.c.h; path = Utils.h; sourceTree = "<group>"; };
		056DA61C1B91D481005B112C /* Utils.m */ = {isa = PBXFileReference; fileEncoding = 4; lastKnownFileType = sourcecode.c.objc; path = Utils.m; sourceTree = "<group>"; };
		056DA61E1B91D58A005B112C /* CoreLocation.framework */ = {isa = PBXFileReference; lastKnownFileType = wrapper.framework; name = CoreLocation.framework; path = System/Library/Frameworks/CoreLocation.framework; sourceTree = SDKROOT; };
		056DA6211B91D97E005B112C /* info28.png */ = {isa = PBXFileReference; lastKnownFileType = image.png; path = info28.png; sourceTree = "<group>"; };
		056DA6231B91DACA005B112C /* network3.png */ = {isa = PBXFileReference; lastKnownFileType = image.png; path = network3.png; sourceTree = "<group>"; };
		056DA6251B91DBCB005B112C /* house21.png */ = {isa = PBXFileReference; lastKnownFileType = image.png; path = house21.png; sourceTree = "<group>"; };
		056DA6281B91DC48005B112C /* en */ = {isa = PBXFileReference; lastKnownFileType = text.plist.strings; name = en; path = en.lproj/Main.strings; sourceTree = "<group>"; };
		056DA62C1B91EA99005B112C /* AudioToolbox.framework */ = {isa = PBXFileReference; lastKnownFileType = wrapper.framework; name = AudioToolbox.framework; path = System/Library/Frameworks/AudioToolbox.framework; sourceTree = SDKROOT; };
		056DA62E1B91EAA3005B112C /* CFNetwork.framework */ = {isa = PBXFileReference; lastKnownFileType = wrapper.framework; name = CFNetwork.framework; path = System/Library/Frameworks/CFNetwork.framework; sourceTree = SDKROOT; };
		056DA6301B91EAAD005B112C /* CoreGraphics.framework */ = {isa = PBXFileReference; lastKnownFileType = wrapper.framework; name = CoreGraphics.framework; path = System/Library/Frameworks/CoreGraphics.framework; sourceTree = SDKROOT; };
		056DA6321B91EAB6005B112C /* Security.framework */ = {isa = PBXFileReference; lastKnownFileType = wrapper.framework; name = Security.framework; path = System/Library/Frameworks/Security.framework; sourceTree = SDKROOT; };
		056DA6341B91EABF005B112C /* StoreKit.framework */ = {isa = PBXFileReference; lastKnownFileType = wrapper.framework; name = StoreKit.framework; path = System/Library/Frameworks/StoreKit.framework; sourceTree = SDKROOT; };
		056DA6361B91EAC9005B112C /* SystemConfiguration.framework */ = {isa = PBXFileReference; lastKnownFileType = wrapper.framework; name = SystemConfiguration.framework; path = System/Library/Frameworks/SystemConfiguration.framework; sourceTree = SDKROOT; };
		056DA6381B91EAE8005B112C /* libz.1.1.3.tbd */ = {isa = PBXFileReference; lastKnownFileType = "sourcecode.text-based-dylib-definition"; name = libz.1.1.3.tbd; path = usr/lib/libz.1.1.3.tbd; sourceTree = SDKROOT; };
		056DA63A1B91EAF2005B112C /* libsqlite3.0.tbd */ = {isa = PBXFileReference; lastKnownFileType = "sourcecode.text-based-dylib-definition"; name = libsqlite3.0.tbd; path = usr/lib/libsqlite3.0.tbd; sourceTree = SDKROOT; };
		056DA63C1B91EAFF005B112C /* Accounts.framework */ = {isa = PBXFileReference; lastKnownFileType = wrapper.framework; name = Accounts.framework; path = System/Library/Frameworks/Accounts.framework; sourceTree = SDKROOT; };
		056DA63E1B91EB06005B112C /* Social.framework */ = {isa = PBXFileReference; lastKnownFileType = wrapper.framework; name = Social.framework; path = System/Library/Frameworks/Social.framework; sourceTree = SDKROOT; };
		056DA6401B91EB5A005B112C /* QuartzCore.framework */ = {isa = PBXFileReference; lastKnownFileType = wrapper.framework; name = QuartzCore.framework; path = System/Library/Frameworks/QuartzCore.framework; sourceTree = SDKROOT; };
		056DA6421B91EB8C005B112C /* Bolts.framework */ = {isa = PBXFileReference; lastKnownFileType = wrapper.framework; path = Bolts.framework; sourceTree = "<group>"; };
		056DA6431B91EB8C005B112C /* Parse.framework */ = {isa = PBXFileReference; lastKnownFileType = wrapper.framework; path = Parse.framework; sourceTree = "<group>"; };
		056DA6471B91F579005B112C /* farmer.jpg */ = {isa = PBXFileReference; lastKnownFileType = image.jpeg; path = farmer.jpg; sourceTree = "<group>"; };
		056DA64A1B91F84E005B112C /* hi-IN */ = {isa = PBXFileReference; lastKnownFileType = text.plist.strings; name = "hi-IN"; path = "hi-IN.lproj/Main.strings"; sourceTree = "<group>"; };
		05F8C82D1B929703001F8887 /* PoliciesViewController.h */ = {isa = PBXFileReference; fileEncoding = 4; lastKnownFileType = sourcecode.c.h; path = PoliciesViewController.h; sourceTree = "<group>"; };
		05F8C82E1B929703001F8887 /* PoliciesViewController.m */ = {isa = PBXFileReference; fileEncoding = 4; lastKnownFileType = sourcecode.c.objc; path = PoliciesViewController.m; sourceTree = "<group>"; };
		05F8C8301B929B2B001F8887 /* SchemeViewController.h */ = {isa = PBXFileReference; fileEncoding = 4; lastKnownFileType = sourcecode.c.h; path = SchemeViewController.h; sourceTree = "<group>"; };
		05F8C8311B929B2B001F8887 /* SchemeViewController.m */ = {isa = PBXFileReference; fileEncoding = 4; lastKnownFileType = sourcecode.c.objc; path = SchemeViewController.m; sourceTree = "<group>"; };
		19B3FFD12D4545F43115F6F4 /* Pods.debug.xcconfig */ = {isa = PBXFileReference; includeInIndex = 1; lastKnownFileType = text.xcconfig; name = Pods.debug.xcconfig; path = "Pods/Target Support Files/Pods/Pods.debug.xcconfig"; sourceTree = "<group>"; };
		A70841AB5CA95827EB7C526D /* libPods.a */ = {isa = PBXFileReference; explicitFileType = archive.ar; includeInIndex = 0; path = libPods.a; sourceTree = BUILT_PRODUCTS_DIR; };
		D9B9D09DA997F3A32F559494 /* Pods.release.xcconfig */ = {isa = PBXFileReference; includeInIndex = 1; lastKnownFileType = text.xcconfig; name = Pods.release.xcconfig; path = "Pods/Target Support Files/Pods/Pods.release.xcconfig"; sourceTree = "<group>"; };
/* End PBXFileReference section */

/* Begin PBXFrameworksBuildPhase section */
		056DA5D71B91C83E005B112C /* Frameworks */ = {
			isa = PBXFrameworksBuildPhase;
			buildActionMask = 2147483647;
			files = (
				0503C2551B922F3700B297FA /* MediaPlayer.framework in Frameworks */,
				056DA6411B91EB5A005B112C /* QuartzCore.framework in Frameworks */,
				056DA63F1B91EB06005B112C /* Social.framework in Frameworks */,
				056DA63D1B91EAFF005B112C /* Accounts.framework in Frameworks */,
				056DA63B1B91EAF2005B112C /* libsqlite3.0.tbd in Frameworks */,
				056DA6391B91EAE8005B112C /* libz.1.1.3.tbd in Frameworks */,
				056DA6371B91EAC9005B112C /* SystemConfiguration.framework in Frameworks */,
				056DA6351B91EABF005B112C /* StoreKit.framework in Frameworks */,
				056DA6441B91EB8C005B112C /* Bolts.framework in Frameworks */,
				056DA6331B91EAB6005B112C /* Security.framework in Frameworks */,
				056DA6311B91EAAD005B112C /* CoreGraphics.framework in Frameworks */,
				056DA6451B91EB8D005B112C /* Parse.framework in Frameworks */,
				056DA62F1B91EAA3005B112C /* CFNetwork.framework in Frameworks */,
				056DA62D1B91EA99005B112C /* AudioToolbox.framework in Frameworks */,
				056DA61F1B91D58A005B112C /* CoreLocation.framework in Frameworks */,
				8DDD80C81014CBF0D3C8185A /* libPods.a in Frameworks */,
			);
			runOnlyForDeploymentPostprocessing = 0;
		};
		056DA5F01B91C83E005B112C /* Frameworks */ = {
			isa = PBXFrameworksBuildPhase;
			buildActionMask = 2147483647;
			files = (
			);
			runOnlyForDeploymentPostprocessing = 0;
		};
		056DA5FB1B91C83E005B112C /* Frameworks */ = {
			isa = PBXFrameworksBuildPhase;
			buildActionMask = 2147483647;
			files = (
			);
			runOnlyForDeploymentPostprocessing = 0;
		};
/* End PBXFrameworksBuildPhase section */

/* Begin PBXGroup section */
		056DA5D11B91C83E005B112C = {
			isa = PBXGroup;
			children = (
				056DA6461B91F29D005B112C /* Frameworks */,
				056DA5DC1B91C83E005B112C /* SequoiaHack */,
				056DA5F61B91C83E005B112C /* SequoiaHackTests */,
				056DA6011B91C83E005B112C /* SequoiaHackUITests */,
				056DA5DB1B91C83E005B112C /* Products */,
				478FEBB520040EE2C99D409B /* Pods */,
			);
			sourceTree = "<group>";
		};
		056DA5DB1B91C83E005B112C /* Products */ = {
			isa = PBXGroup;
			children = (
				056DA5DA1B91C83E005B112C /* SequoiaHack.app */,
				056DA5F31B91C83E005B112C /* SequoiaHackTests.xctest */,
				056DA5FE1B91C83E005B112C /* SequoiaHackUITests.xctest */,
			);
			name = Products;
			sourceTree = "<group>";
		};
		056DA5DC1B91C83E005B112C /* SequoiaHack */ = {
			isa = PBXGroup;
			children = (
				056DA6201B91D96D005B112C /* images */,
				056DA5E01B91C83E005B112C /* AppDelegate.h */,
				056DA5E11B91C83E005B112C /* AppDelegate.m */,
				0503C24B1B92265300B297FA /* ResourcesViewController.h */,
				0503C24C1B92265300B297FA /* ResourcesViewController.m */,
				0503C23B1B9208BD00B297FA /* MapViewController.h */,
				0503C23C1B9208BD00B297FA /* MapViewController.m */,
				056DA5E31B91C83E005B112C /* ViewController.h */,
				056DA5E41B91C83E005B112C /* ViewController.m */,
				056DA61B1B91D481005B112C /* Utils.h */,
				056DA61C1B91D481005B112C /* Utils.m */,
				0503C2511B922B7800B297FA /* IrrigationTableViewController.h */,
				0503C2521B922B7800B297FA /* IrrigationTableViewController.m */,
				05F8C82D1B929703001F8887 /* PoliciesViewController.h */,
				05F8C82E1B929703001F8887 /* PoliciesViewController.m */,
				05F8C8301B929B2B001F8887 /* SchemeViewController.h */,
				05F8C8311B929B2B001F8887 /* SchemeViewController.m */,
				056DA5E61B91C83E005B112C /* Main.storyboard */,
				056DA6161B91CE46005B112C /* Localizable.strings */,
				056DA5E91B91C83E005B112C /* Assets.xcassets */,
				056DA5EB1B91C83E005B112C /* LaunchScreen.storyboard */,
				056DA5EE1B91C83E005B112C /* Info.plist */,
				056DA5DD1B91C83E005B112C /* Supporting Files */,
			);
			path = SequoiaHack;
			sourceTree = "<group>";
		};
		056DA5DD1B91C83E005B112C /* Supporting Files */ = {
			isa = PBXGroup;
			children = (
				056DA5DE1B91C83E005B112C /* main.m */,
			);
			name = "Supporting Files";
			sourceTree = "<group>";
		};
		056DA5F61B91C83E005B112C /* SequoiaHackTests */ = {
			isa = PBXGroup;
			children = (
				056DA5F71B91C83E005B112C /* SequoiaHackTests.m */,
				056DA5F91B91C83E005B112C /* Info.plist */,
			);
			path = SequoiaHackTests;
			sourceTree = "<group>";
		};
		056DA6011B91C83E005B112C /* SequoiaHackUITests */ = {
			isa = PBXGroup;
			children = (
				056DA6021B91C83E005B112C /* SequoiaHackUITests.m */,
				056DA6041B91C83E005B112C /* Info.plist */,
			);
			path = SequoiaHackUITests;
			sourceTree = "<group>";
		};
		056DA6201B91D96D005B112C /* images */ = {
			isa = PBXGroup;
			children = (
				056DA6211B91D97E005B112C /* info28.png */,
				056DA6471B91F579005B112C /* farmer.jpg */,
				056DA6231B91DACA005B112C /* network3.png */,
				056DA6251B91DBCB005B112C /* house21.png */,
			);
			name = images;
			sourceTree = "<group>";
		};
		056DA6461B91F29D005B112C /* Frameworks */ = {
			isa = PBXGroup;
			children = (
				0503C2541B922F3700B297FA /* MediaPlayer.framework */,
				056DA6421B91EB8C005B112C /* Bolts.framework */,
				056DA6431B91EB8C005B112C /* Parse.framework */,
				056DA6401B91EB5A005B112C /* QuartzCore.framework */,
				056DA63E1B91EB06005B112C /* Social.framework */,
				056DA63C1B91EAFF005B112C /* Accounts.framework */,
				056DA63A1B91EAF2005B112C /* libsqlite3.0.tbd */,
				056DA6381B91EAE8005B112C /* libz.1.1.3.tbd */,
				056DA6361B91EAC9005B112C /* SystemConfiguration.framework */,
				056DA6341B91EABF005B112C /* StoreKit.framework */,
				056DA6321B91EAB6005B112C /* Security.framework */,
				056DA6301B91EAAD005B112C /* CoreGraphics.framework */,
				056DA62E1B91EAA3005B112C /* CFNetwork.framework */,
				056DA62C1B91EA99005B112C /* AudioToolbox.framework */,
				056DA61E1B91D58A005B112C /* CoreLocation.framework */,
				A70841AB5CA95827EB7C526D /* libPods.a */,
			);
			name = Frameworks;
			sourceTree = "<group>";
		};
		478FEBB520040EE2C99D409B /* Pods */ = {
			isa = PBXGroup;
			children = (
				19B3FFD12D4545F43115F6F4 /* Pods.debug.xcconfig */,
				D9B9D09DA997F3A32F559494 /* Pods.release.xcconfig */,
			);
			name = Pods;
			sourceTree = "<group>";
		};
/* End PBXGroup section */

/* Begin PBXNativeTarget section */
		056DA5D91B91C83E005B112C /* SequoiaHack */ = {
			isa = PBXNativeTarget;
			buildConfigurationList = 056DA6071B91C83E005B112C /* Build configuration list for PBXNativeTarget "SequoiaHack" */;
			buildPhases = (
				ED734CC01FDAFCF08BC63B85 /* Check Pods Manifest.lock */,
				056DA5D61B91C83E005B112C /* Sources */,
				056DA5D71B91C83E005B112C /* Frameworks */,
				056DA5D81B91C83E005B112C /* Resources */,
				1BF206B388E6332DC74567E9 /* Copy Pods Resources */,
			);
			buildRules = (
			);
			dependencies = (
			);
			name = SequoiaHack;
			productName = SequoiaHack;
			productReference = 056DA5DA1B91C83E005B112C /* SequoiaHack.app */;
			productType = "com.apple.product-type.application";
		};
		056DA5F21B91C83E005B112C /* SequoiaHackTests */ = {
			isa = PBXNativeTarget;
			buildConfigurationList = 056DA60A1B91C83E005B112C /* Build configuration list for PBXNativeTarget "SequoiaHackTests" */;
			buildPhases = (
				056DA5EF1B91C83E005B112C /* Sources */,
				056DA5F01B91C83E005B112C /* Frameworks */,
				056DA5F11B91C83E005B112C /* Resources */,
			);
			buildRules = (
			);
			dependencies = (
				056DA5F51B91C83E005B112C /* PBXTargetDependency */,
			);
			name = SequoiaHackTests;
			productName = SequoiaHackTests;
			productReference = 056DA5F31B91C83E005B112C /* SequoiaHackTests.xctest */;
			productType = "com.apple.product-type.bundle.unit-test";
		};
		056DA5FD1B91C83E005B112C /* SequoiaHackUITests */ = {
			isa = PBXNativeTarget;
			buildConfigurationList = 056DA60D1B91C83E005B112C /* Build configuration list for PBXNativeTarget "SequoiaHackUITests" */;
			buildPhases = (
				056DA5FA1B91C83E005B112C /* Sources */,
				056DA5FB1B91C83E005B112C /* Frameworks */,
				056DA5FC1B91C83E005B112C /* Resources */,
			);
			buildRules = (
			);
			dependencies = (
				056DA6001B91C83E005B112C /* PBXTargetDependency */,
			);
			name = SequoiaHackUITests;
			productName = SequoiaHackUITests;
			productReference = 056DA5FE1B91C83E005B112C /* SequoiaHackUITests.xctest */;
			productType = "com.apple.product-type.bundle.ui-testing";
		};
/* End PBXNativeTarget section */

/* Begin PBXProject section */
		056DA5D21B91C83E005B112C /* Project object */ = {
			isa = PBXProject;
			attributes = {
				LastUpgradeCheck = 0700;
				ORGANIZATIONNAME = "Vohra, Nikant";
				TargetAttributes = {
					056DA5D91B91C83E005B112C = {
						CreatedOnToolsVersion = 7.0;
						DevelopmentTeam = E5HMDQRS6Z;
					};
					056DA5F21B91C83E005B112C = {
						CreatedOnToolsVersion = 7.0;
						TestTargetID = 056DA5D91B91C83E005B112C;
					};
					056DA5FD1B91C83E005B112C = {
						CreatedOnToolsVersion = 7.0;
						TestTargetID = 056DA5D91B91C83E005B112C;
					};
				};
			};
			buildConfigurationList = 056DA5D51B91C83E005B112C /* Build configuration list for PBXProject "SequoiaHack" */;
			compatibilityVersion = "Xcode 3.2";
			developmentRegion = English;
			hasScannedForEncodings = 0;
			knownRegions = (
				en,
				Base,
				"hi-IN",
			);
			mainGroup = 056DA5D11B91C83E005B112C;
			productRefGroup = 056DA5DB1B91C83E005B112C /* Products */;
			projectDirPath = "";
			projectRoot = "";
			targets = (
				056DA5D91B91C83E005B112C /* SequoiaHack */,
				056DA5F21B91C83E005B112C /* SequoiaHackTests */,
				056DA5FD1B91C83E005B112C /* SequoiaHackUITests */,
			);
		};
/* End PBXProject section */

/* Begin PBXResourcesBuildPhase section */
		056DA5D81B91C83E005B112C /* Resources */ = {
			isa = PBXResourcesBuildPhase;
			buildActionMask = 2147483647;
			files = (
				056DA6221B91D97E005B112C /* info28.png in Resources */,
				056DA5ED1B91C83E005B112C /* LaunchScreen.storyboard in Resources */,
				056DA6241B91DACA005B112C /* network3.png in Resources */,
				056DA6261B91DBCB005B112C /* house21.png in Resources */,
				056DA6141B91CE46005B112C /* Localizable.strings in Resources */,
				056DA5EA1B91C83E005B112C /* Assets.xcassets in Resources */,
				056DA6481B91F579005B112C /* farmer.jpg in Resources */,
				056DA5E81B91C83E005B112C /* Main.storyboard in Resources */,
			);
			runOnlyForDeploymentPostprocessing = 0;
		};
		056DA5F11B91C83E005B112C /* Resources */ = {
			isa = PBXResourcesBuildPhase;
			buildActionMask = 2147483647;
			files = (
			);
			runOnlyForDeploymentPostprocessing = 0;
		};
		056DA5FC1B91C83E005B112C /* Resources */ = {
			isa = PBXResourcesBuildPhase;
			buildActionMask = 2147483647;
			files = (
			);
			runOnlyForDeploymentPostprocessing = 0;
		};
/* End PBXResourcesBuildPhase section */

/* Begin PBXShellScriptBuildPhase section */
		1BF206B388E6332DC74567E9 /* Copy Pods Resources */ = {
			isa = PBXShellScriptBuildPhase;
			buildActionMask = 2147483647;
			files = (
			);
			inputPaths = (
			);
			name = "Copy Pods Resources";
			outputPaths = (
			);
			runOnlyForDeploymentPostprocessing = 0;
			shellPath = /bin/sh;
			shellScript = "\"${SRCROOT}/Pods/Target Support Files/Pods/Pods-resources.sh\"\n";
			showEnvVarsInLog = 0;
		};
		ED734CC01FDAFCF08BC63B85 /* Check Pods Manifest.lock */ = {
			isa = PBXShellScriptBuildPhase;
			buildActionMask = 2147483647;
			files = (
			);
			inputPaths = (
			);
			name = "Check Pods Manifest.lock";
			outputPaths = (
			);
			runOnlyForDeploymentPostprocessing = 0;
			shellPath = /bin/sh;
			shellScript = "diff \"${PODS_ROOT}/../Podfile.lock\" \"${PODS_ROOT}/Manifest.lock\" > /dev/null\nif [[ $? != 0 ]] ; then\n    cat << EOM\nerror: The sandbox is not in sync with the Podfile.lock. Run 'pod install' or update your CocoaPods installation.\nEOM\n    exit 1\nfi\n";
			showEnvVarsInLog = 0;
		};
/* End PBXShellScriptBuildPhase section */

/* Begin PBXSourcesBuildPhase section */
		056DA5D61B91C83E005B112C /* Sources */ = {
			isa = PBXSourcesBuildPhase;
			buildActionMask = 2147483647;
			files = (
				0503C24D1B92265300B297FA /* ResourcesViewController.m in Sources */,
				056DA5E51B91C83E005B112C /* ViewController.m in Sources */,
				05F8C82F1B929703001F8887 /* PoliciesViewController.m in Sources */,
				056DA5E21B91C83E005B112C /* AppDelegate.m in Sources */,
				0503C23D1B9208BD00B297FA /* MapViewController.m in Sources */,
				0503C2531B922B7800B297FA /* IrrigationTableViewController.m in Sources */,
				056DA5DF1B91C83E005B112C /* main.m in Sources */,
				056DA61D1B91D481005B112C /* Utils.m in Sources */,
				05F8C8321B929B2B001F8887 /* SchemeViewController.m in Sources */,
			);
			runOnlyForDeploymentPostprocessing = 0;
		};
		056DA5EF1B91C83E005B112C /* Sources */ = {
			isa = PBXSourcesBuildPhase;
			buildActionMask = 2147483647;
			files = (
				056DA5F81B91C83E005B112C /* SequoiaHackTests.m in Sources */,
			);
			runOnlyForDeploymentPostprocessing = 0;
		};
		056DA5FA1B91C83E005B112C /* Sources */ = {
			isa = PBXSourcesBuildPhase;
			buildActionMask = 2147483647;
			files = (
				056DA6031B91C83E005B112C /* SequoiaHackUITests.m in Sources */,
			);
			runOnlyForDeploymentPostprocessing = 0;
		};
/* End PBXSourcesBuildPhase section */

/* Begin PBXTargetDependency section */
		056DA5F51B91C83E005B112C /* PBXTargetDependency */ = {
			isa = PBXTargetDependency;
			target = 056DA5D91B91C83E005B112C /* SequoiaHack */;
			targetProxy = 056DA5F41B91C83E005B112C /* PBXContainerItemProxy */;
		};
		056DA6001B91C83E005B112C /* PBXTargetDependency */ = {
			isa = PBXTargetDependency;
			target = 056DA5D91B91C83E005B112C /* SequoiaHack */;
			targetProxy = 056DA5FF1B91C83E005B112C /* PBXContainerItemProxy */;
		};
/* End PBXTargetDependency section */

/* Begin PBXVariantGroup section */
		056DA5E61B91C83E005B112C /* Main.storyboard */ = {
			isa = PBXVariantGroup;
			children = (
				056DA5E71B91C83E005B112C /* Base */,
				056DA6281B91DC48005B112C /* en */,
				056DA64A1B91F84E005B112C /* hi-IN */,
			);
			name = Main.storyboard;
			sourceTree = "<group>";
		};
		056DA5EB1B91C83E005B112C /* LaunchScreen.storyboard */ = {
			isa = PBXVariantGroup;
			children = (
				056DA5EC1B91C83E005B112C /* Base */,
				056DA6131B91CDC2005B112C /* hi-IN */,
				056DA61A1B91D37E005B112C /* en */,
			);
			name = LaunchScreen.storyboard;
			sourceTree = "<group>";
		};
		056DA6161B91CE46005B112C /* Localizable.strings */ = {
			isa = PBXVariantGroup;
			children = (
				056DA6151B91CE46005B112C /* en */,
				056DA6171B91CF2B005B112C /* hi-IN */,
				056DA6181B91CF2C005B112C /* Base */,
			);
			name = Localizable.strings;
			sourceTree = "<group>";
		};
/* End PBXVariantGroup section */

/* Begin XCBuildConfiguration section */
		056DA6051B91C83E005B112C /* Debug */ = {
			isa = XCBuildConfiguration;
			buildSettings = {
				ALWAYS_SEARCH_USER_PATHS = NO;
				CLANG_CXX_LANGUAGE_STANDARD = "gnu++0x";
				CLANG_CXX_LIBRARY = "libc++";
				CLANG_ENABLE_MODULES = YES;
				CLANG_ENABLE_OBJC_ARC = YES;
				CLANG_WARN_BOOL_CONVERSION = YES;
				CLANG_WARN_CONSTANT_CONVERSION = YES;
				CLANG_WARN_DIRECT_OBJC_ISA_USAGE = YES_ERROR;
				CLANG_WARN_EMPTY_BODY = YES;
				CLANG_WARN_ENUM_CONVERSION = YES;
				CLANG_WARN_INT_CONVERSION = YES;
				CLANG_WARN_OBJC_ROOT_CLASS = YES_ERROR;
				CLANG_WARN_UNREACHABLE_CODE = YES;
				CLANG_WARN__DUPLICATE_METHOD_MATCH = YES;
				CODE_SIGN_IDENTITY = "iPhone Developer: Akshay Krishnaiah (QQ5986P5U2)";
				"CODE_SIGN_IDENTITY[sdk=iphoneos*]" = "iPhone Developer: Akshay Krishnaiah (QQ5986P5U2)";
				COPY_PHASE_STRIP = NO;
				DEBUG_INFORMATION_FORMAT = dwarf;
				ENABLE_STRICT_OBJC_MSGSEND = YES;
				ENABLE_TESTABILITY = YES;
				GCC_C_LANGUAGE_STANDARD = gnu99;
				GCC_DYNAMIC_NO_PIC = NO;
				GCC_NO_COMMON_BLOCKS = YES;
				GCC_OPTIMIZATION_LEVEL = 0;
				GCC_PREPROCESSOR_DEFINITIONS = (
					"DEBUG=1",
					"$(inherited)",
				);
				GCC_WARN_64_TO_32_BIT_CONVERSION = YES;
				GCC_WARN_ABOUT_RETURN_TYPE = YES_ERROR;
				GCC_WARN_UNDECLARED_SELECTOR = YES;
				GCC_WARN_UNINITIALIZED_AUTOS = YES_AGGRESSIVE;
				GCC_WARN_UNUSED_FUNCTION = YES;
				GCC_WARN_UNUSED_VARIABLE = YES;
				IPHONEOS_DEPLOYMENT_TARGET = 9.0;
				MTL_ENABLE_DEBUG_INFO = YES;
				ONLY_ACTIVE_ARCH = YES;
				PROVISIONING_PROFILE = "866808b9-1a1f-4850-ac40-ab52b01153e8";
				SDKROOT = iphoneos;
			};
			name = Debug;
		};
		056DA6061B91C83E005B112C /* Release */ = {
			isa = XCBuildConfiguration;
			buildSettings = {
				ALWAYS_SEARCH_USER_PATHS = NO;
				CLANG_CXX_LANGUAGE_STANDARD = "gnu++0x";
				CLANG_CXX_LIBRARY = "libc++";
				CLANG_ENABLE_MODULES = YES;
				CLANG_ENABLE_OBJC_ARC = YES;
				CLANG_WARN_BOOL_CONVERSION = YES;
				CLANG_WARN_CONSTANT_CONVERSION = YES;
				CLANG_WARN_DIRECT_OBJC_ISA_USAGE = YES_ERROR;
				CLANG_WARN_EMPTY_BODY = YES;
				CLANG_WARN_ENUM_CONVERSION = YES;
				CLANG_WARN_INT_CONVERSION = YES;
				CLANG_WARN_OBJC_ROOT_CLASS = YES_ERROR;
				CLANG_WARN_UNREACHABLE_CODE = YES;
				CLANG_WARN__DUPLICATE_METHOD_MATCH = YES;
				CODE_SIGN_IDENTITY = "iPhone Developer: Akshay Krishnaiah (QQ5986P5U2)";
				"CODE_SIGN_IDENTITY[sdk=iphoneos*]" = "iPhone Developer: Akshay Krishnaiah (QQ5986P5U2)";
				COPY_PHASE_STRIP = NO;
				DEBUG_INFORMATION_FORMAT = "dwarf-with-dsym";
				ENABLE_NS_ASSERTIONS = NO;
				ENABLE_STRICT_OBJC_MSGSEND = YES;
				GCC_C_LANGUAGE_STANDARD = gnu99;
				GCC_NO_COMMON_BLOCKS = YES;
				GCC_WARN_64_TO_32_BIT_CONVERSION = YES;
				GCC_WARN_ABOUT_RETURN_TYPE = YES_ERROR;
				GCC_WARN_UNDECLARED_SELECTOR = YES;
				GCC_WARN_UNINITIALIZED_AUTOS = YES_AGGRESSIVE;
				GCC_WARN_UNUSED_FUNCTION = YES;
				GCC_WARN_UNUSED_VARIABLE = YES;
				IPHONEOS_DEPLOYMENT_TARGET = 9.0;
				MTL_ENABLE_DEBUG_INFO = NO;
				PROVISIONING_PROFILE = "866808b9-1a1f-4850-ac40-ab52b01153e8";
				SDKROOT = iphoneos;
				VALIDATE_PRODUCT = YES;
			};
			name = Release;
		};
		056DA6081B91C83E005B112C /* Debug */ = {
			isa = XCBuildConfiguration;
			baseConfigurationReference = 19B3FFD12D4545F43115F6F4 /* Pods.debug.xcconfig */;
			buildSettings = {
				ASSETCATALOG_COMPILER_APPICON_NAME = AppIcon;
				CODE_SIGN_IDENTITY = "iPhone Developer: Akshay Krishnaiah (QQ5986P5U2)";
				ENABLE_BITCODE = NO;
				FRAMEWORK_SEARCH_PATHS = (
					"$(inherited)",
					"$(PROJECT_DIR)",
				);
				INFOPLIST_FILE = SequoiaHack/Info.plist;
				IPHONEOS_DEPLOYMENT_TARGET = 8.4;
				LD_RUNPATH_SEARCH_PATHS = "$(inherited) @executable_path/Frameworks";
				PRODUCT_BUNDLE_IDENTIFIER = com.velle.SequoiaHack;
				PRODUCT_NAME = "$(TARGET_NAME)";
				PROVISIONING_PROFILE = "866808b9-1a1f-4850-ac40-ab52b01153e8";
			};
			name = Debug;
		};
		056DA6091B91C83E005B112C /* Release */ = {
			isa = XCBuildConfiguration;
			baseConfigurationReference = D9B9D09DA997F3A32F559494 /* Pods.release.xcconfig */;
			buildSettings = {
				ASSETCATALOG_COMPILER_APPICON_NAME = AppIcon;
				CODE_SIGN_IDENTITY = "iPhone Developer: Akshay Krishnaiah (QQ5986P5U2)";
				ENABLE_BITCODE = NO;
				FRAMEWORK_SEARCH_PATHS = (
					"$(inherited)",
					"$(PROJECT_DIR)",
				);
				INFOPLIST_FILE = SequoiaHack/Info.plist;
				IPHONEOS_DEPLOYMENT_TARGET = 8.4;
				LD_RUNPATH_SEARCH_PATHS = "$(inherited) @executable_path/Frameworks";
				PRODUCT_BUNDLE_IDENTIFIER = com.velle.SequoiaHack;
				PRODUCT_NAME = "$(TARGET_NAME)";
				PROVISIONING_PROFILE = "866808b9-1a1f-4850-ac40-ab52b01153e8";
			};
			name = Release;
		};
		056DA60B1B91C83E005B112C /* Debug */ = {
			isa = XCBuildConfiguration;
			buildSettings = {
				BUNDLE_LOADER = "$(TEST_HOST)";
				INFOPLIST_FILE = SequoiaHackTests/Info.plist;
				LD_RUNPATH_SEARCH_PATHS = "$(inherited) @executable_path/Frameworks @loader_path/Frameworks";
				PRODUCT_BUNDLE_IDENTIFIER = com.velle.SequoiaHackTests;
				PRODUCT_NAME = "$(TARGET_NAME)";
				TEST_HOST = "$(BUILT_PRODUCTS_DIR)/SequoiaHack.app/SequoiaHack";
			};
			name = Debug;
		};
		056DA60C1B91C83E005B112C /* Release */ = {
			isa = XCBuildConfiguration;
			buildSettings = {
				BUNDLE_LOADER = "$(TEST_HOST)";
				INFOPLIST_FILE = SequoiaHackTests/Info.plist;
				LD_RUNPATH_SEARCH_PATHS = "$(inherited) @executable_path/Frameworks @loader_path/Frameworks";
				PRODUCT_BUNDLE_IDENTIFIER = com.velle.SequoiaHackTests;
				PRODUCT_NAME = "$(TARGET_NAME)";
				TEST_HOST = "$(BUILT_PRODUCTS_DIR)/SequoiaHack.app/SequoiaHack";
			};
			name = Release;
		};
		056DA60E1B91C83E005B112C /* Debug */ = {
			isa = XCBuildConfiguration;
			buildSettings = {
				INFOPLIST_FILE = SequoiaHackUITests/Info.plist;
				LD_RUNPATH_SEARCH_PATHS = "$(inherited) @executable_path/Frameworks @loader_path/Frameworks";
				PRODUCT_BUNDLE_IDENTIFIER = com.velle.SequoiaHackUITests;
				PRODUCT_NAME = "$(TARGET_NAME)";
				TEST_TARGET_NAME = SequoiaHack;
				USES_XCTRUNNER = YES;
			};
			name = Debug;
		};
		056DA60F1B91C83E005B112C /* Release */ = {
			isa = XCBuildConfiguration;
			buildSettings = {
				INFOPLIST_FILE = SequoiaHackUITests/Info.plist;
				LD_RUNPATH_SEARCH_PATHS = "$(inherited) @executable_path/Frameworks @loader_path/Frameworks";
				PRODUCT_BUNDLE_IDENTIFIER = com.velle.SequoiaHackUITests;
				PRODUCT_NAME = "$(TARGET_NAME)";
				TEST_TARGET_NAME = SequoiaHack;
				USES_XCTRUNNER = YES;
			};
			name = Release;
		};
/* End XCBuildConfiguration section */

/* Begin XCConfigurationList section */
		056DA5D51B91C83E005B112C /* Build configuration list for PBXProject "SequoiaHack" */ = {
			isa = XCConfigurationList;
			buildConfigurations = (
				056DA6051B91C83E005B112C /* Debug */,
				056DA6061B91C83E005B112C /* Release */,
			);
			defaultConfigurationIsVisible = 0;
			defaultConfigurationName = Release;
		};
		056DA6071B91C83E005B112C /* Build configuration list for PBXNativeTarget "SequoiaHack" */ = {
			isa = XCConfigurationList;
			buildConfigurations = (
				056DA6081B91C83E005B112C /* Debug */,
				056DA6091B91C83E005B112C /* Release */,
			);
			defaultConfigurationIsVisible = 0;
			defaultConfigurationName = Release;
		};
		056DA60A1B91C83E005B112C /* Build configuration list for PBXNativeTarget "SequoiaHackTests" */ = {
			isa = XCConfigurationList;
			buildConfigurations = (
				056DA60B1B91C83E005B112C /* Debug */,
				056DA60C1B91C83E005B112C /* Release */,
			);
			defaultConfigurationIsVisible = 0;
			defaultConfigurationName = Release;
		};
		056DA60D1B91C83E005B112C /* Build configuration list for PBXNativeTarget "SequoiaHackUITests" */ = {
			isa = XCConfigurationList;
			buildConfigurations = (
				056DA60E1B91C83E005B112C /* Debug */,
				056DA60F1B91C83E005B112C /* Release */,
			);
			defaultConfigurationIsVisible = 0;
			defaultConfigurationName = Release;
		};
/* End XCConfigurationList section */
	};
	rootObject = 056DA5D21B91C83E005B112C /* Project object */;
}
